<Solution>
  <Folder Name="/EntraIdAuth/">
    <Project Path="EntraIdAuth/BlazorServerEntraId/BlazorServerEntraId.csproj" />
  </Folder>
  <Folder Name="/OpenTelemetry/">
    <Project Path="OpenTelemetry/DockerCompose/docker-compose.dcproj" Id="81dded9d-158b-e303-5f62-77a2896d2a5a">
      <Build />
    </Project>
    <Project Path="OpenTelemetry/MyWebApi/MyWebApi.csproj" />
  </Folder>
</Solution>
